
Microsoft Visual Studio Solution File, Format Version 12.00
# Visual Studio Version 17
VisualStudioVersion = 17.11.35327.3
MinimumVisualStudioVersion = 10.0.40219.1
Project("{FAE04EC0-301F-11D3-BF4B-00C04F79EFBC}") = "Assignment 7.1.2", "Assignment 7.1.2.csproj", "{45A5081A-7003-4629-AE76-435F8763D130}"
EndProject
Global
	GlobalSection(SolutionConfigurationPlatforms) = preSolution
		Debug|Any CPU = Debug|Any CPU
		Release|Any CPU = Release|Any CPU
	EndGlobalSection
	GlobalSection(ProjectConfigurationPlatforms) = postSolution
		{45A5081A-7003-4629-AE76-435F8763D130}.Debug|Any CPU.ActiveCfg = Debug|Any CPU
		{45A5081A-7003-4629-AE76-435F8763D130}.Debug|Any CPU.Build.0 = Debug|Any CPU
		{45A5081A-7003-4629-AE76-435F8763D130}.Release|Any CPU.ActiveCfg = Release|Any CPU
		{45A5081A-7003-4629-AE76-435F8763D130}.Release|Any CPU.Build.0 = Release|Any CPU
	EndGlobalSection
	GlobalSection(SolutionProperties) = preSolution
		HideSolutionNode = FALSE
	EndGlobalSection
	GlobalSection(ExtensibilityGlobals) = postSolution
		SolutionGuid = {2ACC9742-0DCD-4AA3-94B4-7F20E6CFA1A1}
	EndGlobalSection
EndGlobal
